// !$*UTF8*$!
{
	archiveVersion = 1;
	classes = {
	};
	objectVersion = 77;
	objects = {

/* Begin PBXBuildFile section */
		A10000000000000000000001 /* AppDelegate.swift in Sources */ = {isa = PBXBuildFile; fileRef = A20000000000000000000001 /* AppDelegate.swift */; };
		A10000000000000000000002 /* MiddleClickEventTap.swift in Sources */ = {isa = PBXBuildFile; fileRef = A20000000000000000000002 /* MiddleClickEventTap.swift */; };
		A10000000000000000000003 /* AccessibilityPermission.swift in Sources */ = {isa = PBXBuildFile; fileRef = A20000000000000000000003 /* AccessibilityPermission.swift */; };
		A10000000000000000000004 /* MiddleClickStateMachine.swift in Sources */ = {isa = PBXBuildFile; fileRef = A20000000000000000000006 /* MiddleClickStateMachine.swift */; };
		A10000000000000000000005 /* MiddleClickStateMachineTests.swift in Sources */ = {isa = PBXBuildFile; fileRef = A20000000000000000000007 /* MiddleClickStateMachineTests.swift */; };
		A10000000000000000000006 /* MiddleClickEventTapTests.swift in Sources */ = {isa = PBXBuildFile; fileRef = A20000000000000000000008 /* MiddleClickEventTapTests.swift */; };
		A10000000000000000000007 /* MiddleClickEventConverter.swift in Sources */ = {isa = PBXBuildFile; fileRef = A20000000000000000000010 /* MiddleClickEventConverter.swift */; };
		A10000000000000000000008 /* MiddleClickEventConverterTests.swift in Sources */ = {isa = PBXBuildFile; fileRef = A20000000000000000000011 /* MiddleClickEventConverterTests.swift */; };
		A10000000000000000000009 /* Assets.xcassets in Resources */ = {isa = PBXBuildFile; fileRef = A20000000000000000000012 /* Assets.xcassets */; };
		A10000000000000000000010 /* Localizable.strings in Resources */ = {isa = PBXBuildFile; fileRef = A20000000000000000000015 /* Localizable.strings */; };
/* End PBXBuildFile section */

/* Begin PBXContainerItemProxy section */
		AC0000000000000000000001 /* PBXContainerItemProxy */ = {
			isa = PBXContainerItemProxy;
			containerPortal = A80000000000000000000001 /* Project object */;
			proxyType = 1;
			remoteGlobalIDString = A50000000000000000000001;
			remoteInfo = MacMiddleClick;
		};
/* End PBXContainerItemProxy section */

/* Begin PBXFileReference section */
		A20000000000000000000001 /* AppDelegate.swift */ = {isa = PBXFileReference; lastKnownFileType = sourcecode.swift; path = AppDelegate.swift; sourceTree = "<group>"; };
		A20000000000000000000002 /* MiddleClickEventTap.swift */ = {isa = PBXFileReference; lastKnownFileType = sourcecode.swift; path = MiddleClickEventTap.swift; sourceTree = "<group>"; };
		A20000000000000000000003 /* AccessibilityPermission.swift */ = {isa = PBXFileReference; lastKnownFileType = sourcecode.swift; path = AccessibilityPermission.swift; sourceTree = "<group>"; };
		A20000000000000000000004 /* Info.plist */ = {isa = PBXFileReference; lastKnownFileType = text.plist.xml; path = Info.plist; sourceTree = "<group>"; };
		A20000000000000000000005 /* MacMiddleClick.app */ = {isa = PBXFileReference; explicitFileType = wrapper.application; includeInIndex = 0; path = MacMiddleClick.app; sourceTree = BUILT_PRODUCTS_DIR; };
		A20000000000000000000006 /* MiddleClickStateMachine.swift */ = {isa = PBXFileReference; lastKnownFileType = sourcecode.swift; path = MiddleClickStateMachine.swift; sourceTree = "<group>"; };
		A20000000000000000000007 /* MiddleClickStateMachineTests.swift */ = {isa = PBXFileReference; lastKnownFileType = sourcecode.swift; path = MiddleClickStateMachineTests.swift; sourceTree = "<group>"; };
		A20000000000000000000008 /* MiddleClickEventTapTests.swift */ = {isa = PBXFileReference; lastKnownFileType = sourcecode.swift; path = MiddleClickEventTapTests.swift; sourceTree = "<group>"; };
		A20000000000000000000009 /* MacMiddleClickTests.xctest */ = {isa = PBXFileReference; explicitFileType = wrapper.cfbundle; includeInIndex = 0; path = MacMiddleClickTests.xctest; sourceTree = BUILT_PRODUCTS_DIR; };
		A20000000000000000000010 /* MiddleClickEventConverter.swift */ = {isa = PBXFileReference; lastKnownFileType = sourcecode.swift; path = MiddleClickEventConverter.swift; sourceTree = "<group>"; };
		A20000000000000000000011 /* MiddleClickEventConverterTests.swift */ = {isa = PBXFileReference; lastKnownFileType = sourcecode.swift; path = MiddleClickEventConverterTests.swift; sourceTree = "<group>"; };
		A20000000000000000000012 /* Assets.xcassets */ = {isa = PBXFileReference; lastKnownFileType = folder.assetcatalog; path = Assets.xcassets; sourceTree = "<group>"; };
		A20000000000000000000013 /* Localizable.strings */ = {isa = PBXFileReference; lastKnownFileType = text.plist.strings; name = Localizable.strings; path = en.lproj/Localizable.strings; sourceTree = "<group>"; };
		A20000000000000000000014 /* Localizable.strings */ = {isa = PBXFileReference; lastKnownFileType = text.plist.strings; name = Localizable.strings; path = "zh-Hans.lproj/Localizable.strings"; sourceTree = "<group>"; };
/* End PBXFileReference section */

/* Begin PBXFrameworksBuildPhase section */
		A30000000000000000000001 /* Frameworks */ = {
			isa = PBXFrameworksBuildPhase;
			buildActionMask = 2147483647;
			files = (
			);
			runOnlyForDeploymentPostprocessing = 0;
		};
		A30000000000000000000002 /* Frameworks */ = {
			isa = PBXFrameworksBuildPhase;
			buildActionMask = 2147483647;
			files = (
			);
			runOnlyForDeploymentPostprocessing = 0;
		};
/* End PBXFrameworksBuildPhase section */

/* Begin PBXGroup section */
		A40000000000000000000001 = {
			isa = PBXGroup;
			children = (
				A40000000000000000000002 /* MacMiddleClick */,
				A40000000000000000000004 /* MacMiddleClickTests */,
				A40000000000000000000003 /* Products */,
			);
			sourceTree = "<group>";
		};
		A40000000000000000000002 /* MacMiddleClick */ = {
			isa = PBXGroup;
			children = (
				A20000000000000000000012 /* Assets.xcassets */,
				A20000000000000000000015 /* Localizable.strings */,
				A20000000000000000000001 /* AppDelegate.swift */,
				A20000000000000000000002 /* MiddleClickEventTap.swift */,
				A20000000000000000000006 /* MiddleClickStateMachine.swift */,
				A20000000000000000000010 /* MiddleClickEventConverter.swift */,
				A20000000000000000000003 /* AccessibilityPermission.swift */,
				A20000000000000000000004 /* Info.plist */,
			);
			path = MacMiddleClick;
			sourceTree = "<group>";
		};
		A40000000000000000000003 /* Products */ = {
			isa = PBXGroup;
			children = (
				A20000000000000000000005 /* MacMiddleClick.app */,
				A20000000000000000000009 /* MacMiddleClickTests.xctest */,
			);
			name = Products;
			sourceTree = "<group>";
		};
		A40000000000000000000004 /* MacMiddleClickTests */ = {
			isa = PBXGroup;
			children = (
				A20000000000000000000011 /* MiddleClickEventConverterTests.swift */,
				A20000000000000000000007 /* MiddleClickStateMachineTests.swift */,
				A20000000000000000000008 /* MiddleClickEventTapTests.swift */,
			);
			path = MacMiddleClickTests;
			sourceTree = "<group>";
		};
/* End PBXGroup section */

/* Begin PBXNativeTarget section */
		A50000000000000000000001 /* MacMiddleClick */ = {
			isa = PBXNativeTarget;
			buildConfigurationList = A90000000000000000000002 /* Build configuration list for PBXNativeTarget "MacMiddleClick" */;
			buildPhases = (
				A60000000000000000000001 /* Sources */,
				A30000000000000000000001 /* Frameworks */,
				A70000000000000000000001 /* Resources */,
			);
			buildRules = (
			);
			dependencies = (
			);
			name = MacMiddleClick;
			productName = MacMiddleClick;
			productReference = A20000000000000000000005 /* MacMiddleClick.app */;
			productType = "com.apple.product-type.application";
		};
		A50000000000000000000002 /* MacMiddleClickTests */ = {
			isa = PBXNativeTarget;
			buildConfigurationList = A90000000000000000000003 /* Build configuration list for PBXNativeTarget "MacMiddleClickTests" */;
			buildPhases = (
				A60000000000000000000002 /* Sources */,
				A30000000000000000000002 /* Frameworks */,
				A70000000000000000000002 /* Resources */,
			);
			buildRules = (
			);
			dependencies = (
				AB0000000000000000000001 /* PBXTargetDependency */,
			);
			name = MacMiddleClickTests;
			productName = MacMiddleClickTests;
			productReference = A20000000000000000000009 /* MacMiddleClickTests.xctest */;
			productType = "com.apple.product-type.bundle.unit-test";
		};
/* End PBXNativeTarget section */

/* Begin PBXProject section */
		A80000000000000000000001 /* Project object */ = {
			isa = PBXProject;
			attributes = {
				BuildIndependentTargetsInParallel = 1;
				LastSwiftUpdateCheck = 2660;
				LastUpgradeCheck = 2660;
				TargetAttributes = {
					A50000000000000000000001 = {
						CreatedOnToolsVersion = 26.6;
					};
					A50000000000000000000002 = {
						CreatedOnToolsVersion = 26.6;
						TestTargetID = A50000000000000000000001;
					};
				};
			};
			buildConfigurationList = A90000000000000000000001 /* Build configuration list for PBXProject "MacMiddleClick" */;
			developmentRegion = en;
			hasScannedForEncodings = 0;
			knownRegions = (
				en,
				Base,
				"zh-Hans",
			);
			mainGroup = A40000000000000000000001;
			minimizedProjectReferenceProxies = 1;
			preferredProjectObjectVersion = 77;
			productRefGroup = A40000000000000000000003 /* Products */;
			projectDirPath = "";
			projectRoot = "";
			targets = (
				A50000000000000000000001 /* MacMiddleClick */,
				A50000000000000000000002 /* MacMiddleClickTests */,
			);
		};
/* End PBXProject section */

/* Begin PBXResourcesBuildPhase section */
		A70000000000000000000001 /* Resources */ = {
			isa = PBXResourcesBuildPhase;
			buildActionMask = 2147483647;
			files = (
				A10000000000000000000009 /* Assets.xcassets in Resources */,
				A10000000000000000000010 /* Localizable.strings in Resources */,
			);
			runOnlyForDeploymentPostprocessing = 0;
		};
		A70000000000000000000002 /* Resources */ = {
			isa = PBXResourcesBuildPhase;
			buildActionMask = 2147483647;
			files = (
			);
			runOnlyForDeploymentPostprocessing = 0;
		};
/* End PBXResourcesBuildPhase section */

/* Begin PBXSourcesBuildPhase section */
		A60000000000000000000001 /* Sources */ = {
			isa = PBXSourcesBuildPhase;
			buildActionMask = 2147483647;
			files = (
				A10000000000000000000001 /* AppDelegate.swift in Sources */,
				A10000000000000000000002 /* MiddleClickEventTap.swift in Sources */,
				A10000000000000000000003 /* AccessibilityPermission.swift in Sources */,
				A10000000000000000000004 /* MiddleClickStateMachine.swift in Sources */,
				A10000000000000000000007 /* MiddleClickEventConverter.swift in Sources */,
			);
			runOnlyForDeploymentPostprocessing = 0;
		};
		A60000000000000000000002 /* Sources */ = {
			isa = PBXSourcesBuildPhase;
			buildActionMask = 2147483647;
			files = (
				A10000000000000000000008 /* MiddleClickEventConverterTests.swift in Sources */,
				A10000000000000000000005 /* MiddleClickStateMachineTests.swift in Sources */,
				A10000000000000000000006 /* MiddleClickEventTapTests.swift in Sources */,
			);
			runOnlyForDeploymentPostprocessing = 0;
		};
/* End PBXSourcesBuildPhase section */

/* Begin PBXTargetDependency section */
		AB0000000000000000000001 /* PBXTargetDependency */ = {
			isa = PBXTargetDependency;
			target = A50000000000000000000001 /* MacMiddleClick */;
			targetProxy = AC0000000000000000000001 /* PBXContainerItemProxy */;
		};
/* End PBXTargetDependency section */

/* Begin PBXVariantGroup section */
		A20000000000000000000015 /* Localizable.strings */ = {
			isa = PBXVariantGroup;
			children = (
				A20000000000000000000013 /* Localizable.strings */,
				A20000000000000000000014 /* Localizable.strings */,
			);
			name = Localizable.strings;
			sourceTree = "<group>";
		};
/* End PBXVariantGroup section */

/* Begin XCBuildConfiguration section */
		AA0000000000000000000001 /* Debug */ = {
			isa = XCBuildConfiguration;
			buildSettings = {
				ALWAYS_SEARCH_USER_PATHS = NO;
				CLANG_ANALYZER_NONNULL = YES;
				CLANG_ENABLE_MODULES = YES;
				CLANG_ENABLE_OBJC_ARC = YES;
				COPY_PHASE_STRIP = NO;
				DEBUG_INFORMATION_FORMAT = dwarf;
				ENABLE_TESTABILITY = YES;
				GCC_C_LANGUAGE_STANDARD = gnu17;
				GCC_OPTIMIZATION_LEVEL = 0;
				ONLY_ACTIVE_ARCH = YES;
				SDKROOT = macosx;
				SWIFT_ACTIVE_COMPILATION_CONDITIONS = "DEBUG $(inherited)";
				SWIFT_OPTIMIZATION_LEVEL = "-Onone";
			};
			name = Debug;
		};
		AA0000000000000000000002 /* Release */ = {
			isa = XCBuildConfiguration;
			buildSettings = {
				ALWAYS_SEARCH_USER_PATHS = NO;
				CLANG_ANALYZER_NONNULL = YES;
				CLANG_ENABLE_MODULES = YES;
				CLANG_ENABLE_OBJC_ARC = YES;
				COPY_PHASE_STRIP = NO;
				DEBUG_INFORMATION_FORMAT = "dwarf-with-dsym";
				ENABLE_NS_ASSERTIONS = NO;
				GCC_C_LANGUAGE_STANDARD = gnu17;
				SDKROOT = macosx;
				SWIFT_COMPILATION_MODE = wholemodule;
			};
			name = Release;
		};
		AA0000000000000000000003 /* Debug */ = {
			isa = XCBuildConfiguration;
			buildSettings = {
				ASSETCATALOG_COMPILER_APPICON_NAME = AppIcon;
				CODE_SIGN_STYLE = Automatic;
				COMBINE_HIDPI_IMAGES = YES;
				DEVELOPMENT_TEAM = W754JVKA64;
				ENABLE_APP_SANDBOX = NO;
				ENABLE_HARDENED_RUNTIME = YES;
				GENERATE_INFOPLIST_FILE = NO;
				INFOPLIST_FILE = MacMiddleClick/Info.plist;
				LD_RUNPATH_SEARCH_PATHS = (
					"$(inherited)",
					"@executable_path/../Frameworks",
				);
				MACOSX_DEPLOYMENT_TARGET = 13.0;
				PRODUCT_BUNDLE_IDENTIFIER = com.shaw.MacMiddleClick;
				PRODUCT_NAME = "$(TARGET_NAME)";
				SUPPORTED_PLATFORMS = macosx;
				SWIFT_VERSION = 5.0;
			};
			name = Debug;
		};
		AA0000000000000000000004 /* Release */ = {
			isa = XCBuildConfiguration;
			buildSettings = {
				ASSETCATALOG_COMPILER_APPICON_NAME = AppIcon;
				CODE_SIGN_STYLE = Automatic;
				COMBINE_HIDPI_IMAGES = YES;
				DEVELOPMENT_TEAM = W754JVKA64;
				ENABLE_APP_SANDBOX = NO;
				ENABLE_HARDENED_RUNTIME = YES;
				GENERATE_INFOPLIST_FILE = NO;
				INFOPLIST_FILE = MacMiddleClick/Info.plist;
				LD_RUNPATH_SEARCH_PATHS = (
					"$(inherited)",
					"@executable_path/../Frameworks",
				);
				MACOSX_DEPLOYMENT_TARGET = 13.0;
				PRODUCT_BUNDLE_IDENTIFIER = com.shaw.MacMiddleClick;
				PRODUCT_NAME = "$(TARGET_NAME)";
				SUPPORTED_PLATFORMS = macosx;
				SWIFT_VERSION = 5.0;
			};
			name = Release;
		};
		AA0000000000000000000005 /* Debug */ = {
			isa = XCBuildConfiguration;
			buildSettings = {
				BUNDLE_LOADER = "$(TEST_HOST)";
				CODE_SIGN_STYLE = Automatic;
				DEVELOPMENT_TEAM = W754JVKA64;
				GENERATE_INFOPLIST_FILE = YES;
				MACOSX_DEPLOYMENT_TARGET = 14.0;
				PRODUCT_BUNDLE_IDENTIFIER = com.shaw.MacMiddleClickTests;
				PRODUCT_NAME = "$(TARGET_NAME)";
				SUPPORTED_PLATFORMS = macosx;
				SWIFT_VERSION = 5.0;
				TEST_HOST = "$(BUILT_PRODUCTS_DIR)/MacMiddleClick.app/Contents/MacOS/MacMiddleClick";
			};
			name = Debug;
		};
		AA0000000000000000000006 /* Release */ = {
			isa = XCBuildConfiguration;
			buildSettings = {
				BUNDLE_LOADER = "$(TEST_HOST)";
				CODE_SIGN_STYLE = Automatic;
				DEVELOPMENT_TEAM = W754JVKA64;
				GENERATE_INFOPLIST_FILE = YES;
				MACOSX_DEPLOYMENT_TARGET = 14.0;
				PRODUCT_BUNDLE_IDENTIFIER = com.shaw.MacMiddleClickTests;
				PRODUCT_NAME = "$(TARGET_NAME)";
				SUPPORTED_PLATFORMS = macosx;
				SWIFT_VERSION = 5.0;
				TEST_HOST = "$(BUILT_PRODUCTS_DIR)/MacMiddleClick.app/Contents/MacOS/MacMiddleClick";
			};
			name = Release;
		};
/* End XCBuildConfiguration section */

/* Begin XCConfigurationList section */
		A90000000000000000000001 /* Build configuration list for PBXProject "MacMiddleClick" */ = {
			isa = XCConfigurationList;
			buildConfigurations = (
				AA0000000000000000000001 /* Debug */,
				AA0000000000000000000002 /* Release */,
			);
			defaultConfigurationIsVisible = 0;
			defaultConfigurationName = Release;
		};
		A90000000000000000000002 /* Build configuration list for PBXNativeTarget "MacMiddleClick" */ = {
			isa = XCConfigurationList;
			buildConfigurations = (
				AA0000000000000000000003 /* Debug */,
				AA0000000000000000000004 /* Release */,
			);
			defaultConfigurationIsVisible = 0;
			defaultConfigurationName = Release;
		};
		A90000000000000000000003 /* Build configuration list for PBXNativeTarget "MacMiddleClickTests" */ = {
			isa = XCConfigurationList;
			buildConfigurations = (
				AA0000000000000000000005 /* Debug */,
				AA0000000000000000000006 /* Release */,
			);
			defaultConfigurationIsVisible = 0;
			defaultConfigurationName = Release;
		};
/* End XCConfigurationList section */
	};
	rootObject = A80000000000000000000001 /* Project object */;
}
